
Microsoft Visual Studio Solution File, Format Version 12.00
# Visual Studio 15
VisualStudioVersion = 15.0.28119.50
MinimumVisualStudioVersion = 10.0.40219.1
Project("{8BC9CEB8-8B4A-11D0-8D11-00A0C91BC942}") = "MyLib", "MyLib\MyLib.vcxproj", "{A5195048-A5B4-42AE-995E-D74DE28EEF5F}"
EndProject
Global
	GlobalSection(SolutionConfigurationPlatforms) = preSolution
		Debug|x64 = Debug|x64
		Debug|x86 = Debug|x86
		Release|x64 = Release|x64
		Release|x86 = Release|x86
	EndGlobalSection
	GlobalSection(ProjectConfigurationPlatforms) = postSolution
		{A5195048-A5B4-42AE-995E-D74DE28EEF5F}.Debug|x64.ActiveCfg = Debug|x64
		{A5195048-A5B4-42AE-995E-D74DE28EEF5F}.Debug|x64.Build.0 = Debug|x64
		{A5195048-A5B4-42AE-995E-D74DE28EEF5F}.Debug|x86.ActiveCfg = Debug|Win32
		{A5195048-A5B4-42AE-995E-D74DE28EEF5F}.Debug|x86.Build.0 = Debug|Win32
		{A5195048-A5B4-42AE-995E-D74DE28EEF5F}.Release|x64.ActiveCfg = Release|x64
		{A5195048-A5B4-42AE-995E-D74DE28EEF5F}.Release|x64.Build.0 = Release|x64
		{A5195048-A5B4-42AE-995E-D74DE28EEF5F}.Release|x86.ActiveCfg = Release|Win32
		{A5195048-A5B4-42AE-995E-D74DE28EEF5F}.Release|x86.Build.0 = Release|Win32
	EndGlobalSection
	GlobalSection(SolutionProperties) = preSolution
		HideSolutionNode = FALSE
	EndGlobalSection
	GlobalSection(ExtensibilityGlobals) = postSolution
		SolutionGuid = {D3C0212E-F9E6-452B-8E9B-ED5A29BE2EE0}
	EndGlobalSection
EndGlobal
